
Microsoft Visual Studio Solution File, Format Version 12.00
# Visual Studio Version 17
VisualStudioVersion = 17.3.32825.248
MinimumVisualStudioVersion = 10.0.40219.1
Project("{FAE04EC0-301F-11D3-BF4B-00C04F79EFBC}") = "eCommerceKO", "eCommerceKO\eCommerceKO.csproj", "{85EDB45F-89CA-469D-A0E7-42F67068558C}"
EndProject
Project("{FAE04EC0-301F-11D3-BF4B-00C04F79EFBC}") = "eCommerceKO.Data", "eCommerceKO.Data\eCommerceKO.Data.csproj", "{0850B2B5-E3C5-4EA5-9B8A-880DBC7054B7}"
EndProject
Project("{FAE04EC0-301F-11D3-BF4B-00C04F79EFBC}") = "eCommerceKO.Models", "eCommerceKO.Models\eCommerceKO.Models.csproj", "{723CDF81-630F-451D-811E-CC4BBAB471F8}"
EndProject
Global
	GlobalSection(SolutionConfigurationPlatforms) = preSolution
		Debug|Any CPU = Debug|Any CPU
		Release|Any CPU = Release|Any CPU
	EndGlobalSection
	GlobalSection(ProjectConfigurationPlatforms) = postSolution
		{85EDB45F-89CA-469D-A0E7-42F67068558C}.Debug|Any CPU.ActiveCfg = Debug|Any CPU
		{85EDB45F-89CA-469D-A0E7-42F67068558C}.Debug|Any CPU.Build.0 = Debug|Any CPU
		{85EDB45F-89CA-469D-A0E7-42F67068558C}.Release|Any CPU.ActiveCfg = Release|Any CPU
		{85EDB45F-89CA-469D-A0E7-42F67068558C}.Release|Any CPU.Build.0 = Release|Any CPU
		{0850B2B5-E3C5-4EA5-9B8A-880DBC7054B7}.Debug|Any CPU.ActiveCfg = Debug|Any CPU
		{0850B2B5-E3C5-4EA5-9B8A-880DBC7054B7}.Debug|Any CPU.Build.0 = Debug|Any CPU
		{0850B2B5-E3C5-4EA5-9B8A-880DBC7054B7}.Release|Any CPU.ActiveCfg = Release|Any CPU
		{0850B2B5-E3C5-4EA5-9B8A-880DBC7054B7}.Release|Any CPU.Build.0 = Release|Any CPU
		{723CDF81-630F-451D-811E-CC4BBAB471F8}.Debug|Any CPU.ActiveCfg = Debug|Any CPU
		{723CDF81-630F-451D-811E-CC4BBAB471F8}.Debug|Any CPU.Build.0 = Debug|Any CPU
		{723CDF81-630F-451D-811E-CC4BBAB471F8}.Release|Any CPU.ActiveCfg = Release|Any CPU
		{723CDF81-630F-451D-811E-CC4BBAB471F8}.Release|Any CPU.Build.0 = Release|Any CPU
	EndGlobalSection
	GlobalSection(SolutionProperties) = preSolution
		HideSolutionNode = FALSE
	EndGlobalSection
	GlobalSection(ExtensibilityGlobals) = postSolution
		SolutionGuid = {9770452E-0A15-4D5C-AB67-07079B36A47A}
	EndGlobalSection
EndGlobal
